
Microsoft Visual Studio Solution File, Format Version 12.00
# Visual Studio Version 17
VisualStudioVersion = 17.4.33122.133
MinimumVisualStudioVersion = 10.0.40219.1
Project("{FAE04EC0-301F-11D3-BF4B-00C04F79EFBC}") = "CanselationTokenApp_4M", "CanselationTokenApp_4M.csproj", "{B0B1318F-A288-496E-A5CF-EF479158F3CB}"
EndProject
Global
	GlobalSection(SolutionConfigurationPlatforms) = preSolution
		Debug|Any CPU = Debug|Any CPU
		Release|Any CPU = Release|Any CPU
	EndGlobalSection
	GlobalSection(ProjectConfigurationPlatforms) = postSolution
		{B0B1318F-A288-496E-A5CF-EF479158F3CB}.Debug|Any CPU.ActiveCfg = Debug|Any CPU
		{B0B1318F-A288-496E-A5CF-EF479158F3CB}.Debug|Any CPU.Build.0 = Debug|Any CPU
		{B0B1318F-A288-496E-A5CF-EF479158F3CB}.Release|Any CPU.ActiveCfg = Release|Any CPU
		{B0B1318F-A288-496E-A5CF-EF479158F3CB}.Release|Any CPU.Build.0 = Release|Any CPU
	EndGlobalSection
	GlobalSection(SolutionProperties) = preSolution
		HideSolutionNode = FALSE
	EndGlobalSection
	GlobalSection(ExtensibilityGlobals) = postSolution
		SolutionGuid = {88665B5F-C4B7-4B57-A042-248A6A816A58}
	EndGlobalSection
EndGlobal
